
Microsoft Visual Studio Solution File, Format Version 12.00
# Visual Studio Version 17
Project("{2150E333-8FDC-42A3-9474-1A3956D46DE8}") = "CMakePredefinedTargets", "CMakePredefinedTargets", "{AF543124-B07B-3159-852D-1AFF663B0E90}"
EndProject
Project("{2150E333-8FDC-42A3-9474-1A3956D46DE8}") = "GLFW3", "GLFW3", "{DB15496B-DC9A-3B7A-B79D-13825166FE4A}"
EndProject
Project("{2150E333-8FDC-42A3-9474-1A3956D46DE8}") = "Examples", "GLFW3\Examples", "{0C8AE5F0-47EE-39CC-84DF-57B7C76F4409}"
EndProject
Project("{2150E333-8FDC-42A3-9474-1A3956D46DE8}") = "Tests", "GLFW3\Tests", "{588ABAA4-425C-3E3C-83D9-8176D82A172F}"
EndProject
Project("{8BC9CEB8-8B4A-11D0-8D11-00A0C91BC942}") = "ALL_BUILD", "ALL_BUILD.vcxproj", "{6CF49C41-710A-36CB-8C6E-A32E9E714E65}"
	ProjectSection(ProjectDependencies) = postProject
		{2FEBD62B-8340-3348-A5E2-B94276D9A930} = {2FEBD62B-8340-3348-A5E2-B94276D9A930}
		{C61F660C-A0C7-3FFC-9C09-31D75D49D644} = {C61F660C-A0C7-3FFC-9C09-31D75D49D644}
		{7C1613C6-A0D3-3C67-8C8D-6D2C0E4E025C} = {7C1613C6-A0D3-3C67-8C8D-6D2C0E4E025C}
		{0C9FC278-83EC-3643-8BEF-78AAE6E5EF5B} = {0C9FC278-83EC-3643-8BEF-78AAE6E5EF5B}
		{C75F69FF-FF77-3F07-BE86-8A083440C8C4} = {C75F69FF-FF77-3F07-BE86-8A083440C8C4}
		{D94C34AC-8659-38E0-BC98-0720E567EF77} = {D94C34AC-8659-38E0-BC98-0720E567EF77}
		{8D69E7E6-950D-3EFB-B112-2B41F4B0ED86} = {8D69E7E6-950D-3EFB-B112-2B41F4B0ED86}
		{6EFED437-1F52-3FFE-ADC7-FB7D1BD941AD} = {6EFED437-1F52-3FFE-ADC7-FB7D1BD941AD}
		{6D6EDD51-C269-3EEF-B485-BF455E7C6663} = {6D6EDD51-C269-3EEF-B485-BF455E7C6663}
		{A8211ACF-69E7-386B-95CE-2F2CABACE1EA} = {A8211ACF-69E7-386B-95CE-2F2CABACE1EA}
		{C8B1C3E9-872E-3961-964A-8FF8EF62969C} = {C8B1C3E9-872E-3961-964A-8FF8EF62969C}
		{65521C78-1391-36CA-B1FD-CDE2E41214BD} = {65521C78-1391-36CA-B1FD-CDE2E41214BD}
		{806CDA52-A0C6-393E-A53F-01A138C2CA02} = {806CDA52-A0C6-393E-A53F-01A138C2CA02}
		{F89F1AF7-3DE8-3F41-B4DD-A484BA5122B2} = {F89F1AF7-3DE8-3F41-B4DD-A484BA5122B2}
		{C3E40242-219A-3922-A95F-F0DA88948B70} = {C3E40242-219A-3922-A95F-F0DA88948B70}
		{7FEB85E2-E7AE-36A8-B203-466ED85DF9EE} = {7FEB85E2-E7AE-36A8-B203-466ED85DF9EE}
		{B3AE45ED-01F9-3D3C-9DE2-92448D0DFFF9} = {B3AE45ED-01F9-3D3C-9DE2-92448D0DFFF9}
		{DF231AF5-36D2-3D79-A93D-373732538EBD} = {DF231AF5-36D2-3D79-A93D-373732538EBD}
		{5BB432DD-5CF2-396A-8393-4320CA1E4A20} = {5BB432DD-5CF2-396A-8393-4320CA1E4A20}
		{4C56EC04-E607-32B1-902F-B151848EE0FA} = {4C56EC04-E607-32B1-902F-B151848EE0FA}
		{6AAA3430-BF25-3D6E-AE08-6DB675436CA1} = {6AAA3430-BF25-3D6E-AE08-6DB675436CA1}
		{2E31A9E7-1FF0-3AF2-8FB1-871E53079705} = {2E31A9E7-1FF0-3AF2-8FB1-871E53079705}
		{5298590A-F91A-3571-B5C6-FEE26015EA49} = {5298590A-F91A-3571-B5C6-FEE26015EA49}
		{B24BDA65-7E2A-3CFD-A184-E27FF50DEB33} = {B24BDA65-7E2A-3CFD-A184-E27FF50DEB33}
		{63233099-6D0A-3E2B-AA3E-4BC9117E2411} = {63233099-6D0A-3E2B-AA3E-4BC9117E2411}
		{9B4A5012-F6A3-341E-A0A8-CF0562060DD1} = {9B4A5012-F6A3-341E-A0A8-CF0562060DD1}
		{1AB47595-913F-3310-AFC5-B0DCE22764C0} = {1AB47595-913F-3310-AFC5-B0DCE22764C0}
		{A5EB0AE8-E5C1-306E-81F8-D05DF60279F0} = {A5EB0AE8-E5C1-306E-81F8-D05DF60279F0}
		{5AD32F87-5505-31A3-A9F4-B37B76329FF3} = {5AD32F87-5505-31A3-A9F4-B37B76329FF3}
		{1D510D55-CEEC-3262-B00F-28730A3A98FD} = {1D510D55-CEEC-3262-B00F-28730A3A98FD}
		{147E0314-1D14-3064-A402-E53F8E62DFAA} = {147E0314-1D14-3064-A402-E53F8E62DFAA}
	EndProjectSection
EndProject
Project("{8BC9CEB8-8B4A-11D0-8D11-00A0C91BC942}") = "INSTALL", "INSTALL.vcxproj", "{DAA6974F-430B-3334-81B4-AB29E9626096}"
	ProjectSection(ProjectDependencies) = postProject
		{6CF49C41-710A-36CB-8C6E-A32E9E714E65} = {6CF49C41-710A-36CB-8C6E-A32E9E714E65}
		{2FEBD62B-8340-3348-A5E2-B94276D9A930} = {2FEBD62B-8340-3348-A5E2-B94276D9A930}
	EndProjectSection
EndProject
Project("{8BC9CEB8-8B4A-11D0-8D11-00A0C91BC942}") = "ZERO_CHECK", "..\..\..\\ZERO_CHECK.vcxproj", "{2FEBD62B-8340-3348-A5E2-B94276D9A930}"
	ProjectSection(ProjectDependencies) = postProject
	EndProjectSection
EndProject
Project("{8BC9CEB8-8B4A-11D0-8D11-00A0C91BC942}") = "boing", "examples\boing.vcxproj", "{C61F660C-A0C7-3FFC-9C09-31D75D49D644}"
	ProjectSection(ProjectDependencies) = postProject
		{2FEBD62B-8340-3348-A5E2-B94276D9A930} = {2FEBD62B-8340-3348-A5E2-B94276D9A930}
		{6D6EDD51-C269-3EEF-B485-BF455E7C6663} = {6D6EDD51-C269-3EEF-B485-BF455E7C6663}
	EndProjectSection
EndProject
Project("{8BC9CEB8-8B4A-11D0-8D11-00A0C91BC942}") = "clipboard", "tests\clipboard.vcxproj", "{7C1613C6-A0D3-3C67-8C8D-6D2C0E4E025C}"
	ProjectSection(ProjectDependencies) = postProject
		{2FEBD62B-8340-3348-A5E2-B94276D9A930} = {2FEBD62B-8340-3348-A5E2-B94276D9A930}
		{6D6EDD51-C269-3EEF-B485-BF455E7C6663} = {6D6EDD51-C269-3EEF-B485-BF455E7C6663}
	EndProjectSection
EndProject
Project("{8BC9CEB8-8B4A-11D0-8D11-00A0C91BC942}") = "cursor", "tests\cursor.vcxproj", "{0C9FC278-83EC-3643-8BEF-78AAE6E5EF5B}"
	ProjectSection(ProjectDependencies) = postProject
		{2FEBD62B-8340-3348-A5E2-B94276D9A930} = {2FEBD62B-8340-3348-A5E2-B94276D9A930}
		{6D6EDD51-C269-3EEF-B485-BF455E7C6663} = {6D6EDD51-C269-3EEF-B485-BF455E7C6663}
	EndProjectSection
EndProject
Project("{8BC9CEB8-8B4A-11D0-8D11-00A0C91BC942}") = "empty", "tests\empty.vcxproj", "{C75F69FF-FF77-3F07-BE86-8A083440C8C4}"
	ProjectSection(ProjectDependencies) = postProject
		{2FEBD62B-8340-3348-A5E2-B94276D9A930} = {2FEBD62B-8340-3348-A5E2-B94276D9A930}
		{6D6EDD51-C269-3EEF-B485-BF455E7C6663} = {6D6EDD51-C269-3EEF-B485-BF455E7C6663}
	EndProjectSection
EndProject
Project("{8BC9CEB8-8B4A-11D0-8D11-00A0C91BC942}") = "events", "tests\events.vcxproj", "{D94C34AC-8659-38E0-BC98-0720E567EF77}"
	ProjectSection(ProjectDependencies) = postProject
		{2FEBD62B-8340-3348-A5E2-B94276D9A930} = {2FEBD62B-8340-3348-A5E2-B94276D9A930}
		{6D6EDD51-C269-3EEF-B485-BF455E7C6663} = {6D6EDD51-C269-3EEF-B485-BF455E7C6663}
	EndProjectSection
EndProject
Project("{8BC9CEB8-8B4A-11D0-8D11-00A0C91BC942}") = "gamma", "tests\gamma.vcxproj", "{8D69E7E6-950D-3EFB-B112-2B41F4B0ED86}"
	ProjectSection(ProjectDependencies) = postProject
		{2FEBD62B-8340-3348-A5E2-B94276D9A930} = {2FEBD62B-8340-3348-A5E2-B94276D9A930}
		{6D6EDD51-C269-3EEF-B485-BF455E7C6663} = {6D6EDD51-C269-3EEF-B485-BF455E7C6663}
	EndProjectSection
EndProject
Project("{8BC9CEB8-8B4A-11D0-8D11-00A0C91BC942}") = "gears", "examples\gears.vcxproj", "{6EFED437-1F52-3FFE-ADC7-FB7D1BD941AD}"
	ProjectSection(ProjectDependencies) = postProject
		{2FEBD62B-8340-3348-A5E2-B94276D9A930} = {2FEBD62B-8340-3348-A5E2-B94276D9A930}
		{6D6EDD51-C269-3EEF-B485-BF455E7C6663} = {6D6EDD51-C269-3EEF-B485-BF455E7C6663}
	EndProjectSection
EndProject
Project("{8BC9CEB8-8B4A-11D0-8D11-00A0C91BC942}") = "glfw", "src\glfw.vcxproj", "{6D6EDD51-C269-3EEF-B485-BF455E7C6663}"
	ProjectSection(ProjectDependencies) = postProject
		{2FEBD62B-8340-3348-A5E2-B94276D9A930} = {2FEBD62B-8340-3348-A5E2-B94276D9A930}
	EndProjectSection
EndProject
Project("{8BC9CEB8-8B4A-11D0-8D11-00A0C91BC942}") = "glfwinfo", "tests\glfwinfo.vcxproj", "{A8211ACF-69E7-386B-95CE-2F2CABACE1EA}"
	ProjectSection(ProjectDependencies) = postProject
		{2FEBD62B-8340-3348-A5E2-B94276D9A930} = {2FEBD62B-8340-3348-A5E2-B94276D9A930}
		{6D6EDD51-C269-3EEF-B485-BF455E7C6663} = {6D6EDD51-C269-3EEF-B485-BF455E7C6663}
	EndProjectSection
EndProject
Project("{8BC9CEB8-8B4A-11D0-8D11-00A0C91BC942}") = "heightmap", "examples\heightmap.vcxproj", "{C8B1C3E9-872E-3961-964A-8FF8EF62969C}"
	ProjectSection(ProjectDependencies) = postProject
		{2FEBD62B-8340-3348-A5E2-B94276D9A930} = {2FEBD62B-8340-3348-A5E2-B94276D9A930}
		{6D6EDD51-C269-3EEF-B485-BF455E7C6663} = {6D6EDD51-C269-3EEF-B485-BF455E7C6663}
	EndProjectSection
EndProject
Project("{8BC9CEB8-8B4A-11D0-8D11-00A0C91BC942}") = "icon", "tests\icon.vcxproj", "{65521C78-1391-36CA-B1FD-CDE2E41214BD}"
	ProjectSection(ProjectDependencies) = postProject
		{2FEBD62B-8340-3348-A5E2-B94276D9A930} = {2FEBD62B-8340-3348-A5E2-B94276D9A930}
		{6D6EDD51-C269-3EEF-B485-BF455E7C6663} = {6D6EDD51-C269-3EEF-B485-BF455E7C6663}
	EndProjectSection
EndProject
Project("{8BC9CEB8-8B4A-11D0-8D11-00A0C91BC942}") = "iconify", "tests\iconify.vcxproj", "{806CDA52-A0C6-393E-A53F-01A138C2CA02}"
	ProjectSection(ProjectDependencies) = postProject
		{2FEBD62B-8340-3348-A5E2-B94276D9A930} = {2FEBD62B-8340-3348-A5E2-B94276D9A930}
		{6D6EDD51-C269-3EEF-B485-BF455E7C6663} = {6D6EDD51-C269-3EEF-B485-BF455E7C6663}
	EndProjectSection
EndProject
Project("{8BC9CEB8-8B4A-11D0-8D11-00A0C91BC942}") = "inputlag", "tests\inputlag.vcxproj", "{F89F1AF7-3DE8-3F41-B4DD-A484BA5122B2}"
	ProjectSection(ProjectDependencies) = postProject
		{2FEBD62B-8340-3348-A5E2-B94276D9A930} = {2FEBD62B-8340-3348-A5E2-B94276D9A930}
		{6D6EDD51-C269-3EEF-B485-BF455E7C6663} = {6D6EDD51-C269-3EEF-B485-BF455E7C6663}
	EndProjectSection
EndProject
Project("{8BC9CEB8-8B4A-11D0-8D11-00A0C91BC942}") = "joysticks", "tests\joysticks.vcxproj", "{C3E40242-219A-3922-A95F-F0DA88948B70}"
	ProjectSection(ProjectDependencies) = postProject
		{2FEBD62B-8340-3348-A5E2-B94276D9A930} = {2FEBD62B-8340-3348-A5E2-B94276D9A930}
		{6D6EDD51-C269-3EEF-B485-BF455E7C6663} = {6D6EDD51-C269-3EEF-B485-BF455E7C6663}
	EndProjectSection
EndProject
Project("{8BC9CEB8-8B4A-11D0-8D11-00A0C91BC942}") = "monitors", "tests\monitors.vcxproj", "{7FEB85E2-E7AE-36A8-B203-466ED85DF9EE}"
	ProjectSection(ProjectDependencies) = postProject
		{2FEBD62B-8340-3348-A5E2-B94276D9A930} = {2FEBD62B-8340-3348-A5E2-B94276D9A930}
		{6D6EDD51-C269-3EEF-B485-BF455E7C6663} = {6D6EDD51-C269-3EEF-B485-BF455E7C6663}
	EndProjectSection
EndProject
Project("{8BC9CEB8-8B4A-11D0-8D11-00A0C91BC942}") = "msaa", "tests\msaa.vcxproj", "{B3AE45ED-01F9-3D3C-9DE2-92448D0DFFF9}"
	ProjectSection(ProjectDependencies) = postProject
		{2FEBD62B-8340-3348-A5E2-B94276D9A930} = {2FEBD62B-8340-3348-A5E2-B94276D9A930}
		{6D6EDD51-C269-3EEF-B485-BF455E7C6663} = {6D6EDD51-C269-3EEF-B485-BF455E7C6663}
	EndProjectSection
EndProject
Project("{8BC9CEB8-8B4A-11D0-8D11-00A0C91BC942}") = "offscreen", "examples\offscreen.vcxproj", "{DF231AF5-36D2-3D79-A93D-373732538EBD}"
	ProjectSection(ProjectDependencies) = postProject
		{2FEBD62B-8340-3348-A5E2-B94276D9A930} = {2FEBD62B-8340-3348-A5E2-B94276D9A930}
		{6D6EDD51-C269-3EEF-B485-BF455E7C6663} = {6D6EDD51-C269-3EEF-B485-BF455E7C6663}
	EndProjectSection
EndProject
Project("{8BC9CEB8-8B4A-11D0-8D11-00A0C91BC942}") = "opacity", "tests\opacity.vcxproj", "{5BB432DD-5CF2-396A-8393-4320CA1E4A20}"
	ProjectSection(ProjectDependencies) = postProject
		{2FEBD62B-8340-3348-A5E2-B94276D9A930} = {2FEBD62B-8340-3348-A5E2-B94276D9A930}
		{6D6EDD51-C269-3EEF-B485-BF455E7C6663} = {6D6EDD51-C269-3EEF-B485-BF455E7C6663}
	EndProjectSection
EndProject
Project("{8BC9CEB8-8B4A-11D0-8D11-00A0C91BC942}") = "particles", "examples\particles.vcxproj", "{4C56EC04-E607-32B1-902F-B151848EE0FA}"
	ProjectSection(ProjectDependencies) = postProject
		{2FEBD62B-8340-3348-A5E2-B94276D9A930} = {2FEBD62B-8340-3348-A5E2-B94276D9A930}
		{6D6EDD51-C269-3EEF-B485-BF455E7C6663} = {6D6EDD51-C269-3EEF-B485-BF455E7C6663}
	EndProjectSection
EndProject
Project("{8BC9CEB8-8B4A-11D0-8D11-00A0C91BC942}") = "reopen", "tests\reopen.vcxproj", "{6AAA3430-BF25-3D6E-AE08-6DB675436CA1}"
	ProjectSection(ProjectDependencies) = postProject
		{2FEBD62B-8340-3348-A5E2-B94276D9A930} = {2FEBD62B-8340-3348-A5E2-B94276D9A930}
		{6D6EDD51-C269-3EEF-B485-BF455E7C6663} = {6D6EDD51-C269-3EEF-B485-BF455E7C6663}
	EndProjectSection
EndProject
Project("{8BC9CEB8-8B4A-11D0-8D11-00A0C91BC942}") = "sharing", "examples\sharing.vcxproj", "{2E31A9E7-1FF0-3AF2-8FB1-871E53079705}"
	ProjectSection(ProjectDependencies) = postProject
		{2FEBD62B-8340-3348-A5E2-B94276D9A930} = {2FEBD62B-8340-3348-A5E2-B94276D9A930}
		{6D6EDD51-C269-3EEF-B485-BF455E7C6663} = {6D6EDD51-C269-3EEF-B485-BF455E7C6663}
	EndProjectSection
EndProject
Project("{8BC9CEB8-8B4A-11D0-8D11-00A0C91BC942}") = "simple", "examples\simple.vcxproj", "{5298590A-F91A-3571-B5C6-FEE26015EA49}"
	ProjectSection(ProjectDependencies) = postProject
		{2FEBD62B-8340-3348-A5E2-B94276D9A930} = {2FEBD62B-8340-3348-A5E2-B94276D9A930}
		{6D6EDD51-C269-3EEF-B485-BF455E7C6663} = {6D6EDD51-C269-3EEF-B485-BF455E7C6663}
	EndProjectSection
EndProject
Project("{8BC9CEB8-8B4A-11D0-8D11-00A0C91BC942}") = "splitview", "examples\splitview.vcxproj", "{B24BDA65-7E2A-3CFD-A184-E27FF50DEB33}"
	ProjectSection(ProjectDependencies) = postProject
		{2FEBD62B-8340-3348-A5E2-B94276D9A930} = {2FEBD62B-8340-3348-A5E2-B94276D9A930}
		{6D6EDD51-C269-3EEF-B485-BF455E7C6663} = {6D6EDD51-C269-3EEF-B485-BF455E7C6663}
	EndProjectSection
EndProject
Project("{8BC9CEB8-8B4A-11D0-8D11-00A0C91BC942}") = "tearing", "tests\tearing.vcxproj", "{63233099-6D0A-3E2B-AA3E-4BC9117E2411}"
	ProjectSection(ProjectDependencies) = postProject
		{2FEBD62B-8340-3348-A5E2-B94276D9A930} = {2FEBD62B-8340-3348-A5E2-B94276D9A930}
		{6D6EDD51-C269-3EEF-B485-BF455E7C6663} = {6D6EDD51-C269-3EEF-B485-BF455E7C6663}
	EndProjectSection
EndProject
Project("{8BC9CEB8-8B4A-11D0-8D11-00A0C91BC942}") = "threads", "tests\threads.vcxproj", "{9B4A5012-F6A3-341E-A0A8-CF0562060DD1}"
	ProjectSection(ProjectDependencies) = postProject
		{2FEBD62B-8340-3348-A5E2-B94276D9A930} = {2FEBD62B-8340-3348-A5E2-B94276D9A930}
		{6D6EDD51-C269-3EEF-B485-BF455E7C6663} = {6D6EDD51-C269-3EEF-B485-BF455E7C6663}
	EndProjectSection
EndProject
Project("{8BC9CEB8-8B4A-11D0-8D11-00A0C91BC942}") = "timeout", "tests\timeout.vcxproj", "{1AB47595-913F-3310-AFC5-B0DCE22764C0}"
	ProjectSection(ProjectDependencies) = postProject
		{2FEBD62B-8340-3348-A5E2-B94276D9A930} = {2FEBD62B-8340-3348-A5E2-B94276D9A930}
		{6D6EDD51-C269-3EEF-B485-BF455E7C6663} = {6D6EDD51-C269-3EEF-B485-BF455E7C6663}
	EndProjectSection
EndProject
Project("{8BC9CEB8-8B4A-11D0-8D11-00A0C91BC942}") = "title", "tests\title.vcxproj", "{A5EB0AE8-E5C1-306E-81F8-D05DF60279F0}"
	ProjectSection(ProjectDependencies) = postProject
		{2FEBD62B-8340-3348-A5E2-B94276D9A930} = {2FEBD62B-8340-3348-A5E2-B94276D9A930}
		{6D6EDD51-C269-3EEF-B485-BF455E7C6663} = {6D6EDD51-C269-3EEF-B485-BF455E7C6663}
	EndProjectSection
EndProject
Project("{8BC9CEB8-8B4A-11D0-8D11-00A0C91BC942}") = "uninstall", "uninstall.vcxproj", "{63DF25F6-3633-3084-B6FC-33A126E33941}"
	ProjectSection(ProjectDependencies) = postProject
		{2FEBD62B-8340-3348-A5E2-B94276D9A930} = {2FEBD62B-8340-3348-A5E2-B94276D9A930}
	EndProjectSection
EndProject
Project("{8BC9CEB8-8B4A-11D0-8D11-00A0C91BC942}") = "vulkan", "tests\vulkan.vcxproj", "{5AD32F87-5505-31A3-A9F4-B37B76329FF3}"
	ProjectSection(ProjectDependencies) = postProject
		{2FEBD62B-8340-3348-A5E2-B94276D9A930} = {2FEBD62B-8340-3348-A5E2-B94276D9A930}
		{6D6EDD51-C269-3EEF-B485-BF455E7C6663} = {6D6EDD51-C269-3EEF-B485-BF455E7C6663}
	EndProjectSection
EndProject
Project("{8BC9CEB8-8B4A-11D0-8D11-00A0C91BC942}") = "wave", "examples\wave.vcxproj", "{1D510D55-CEEC-3262-B00F-28730A3A98FD}"
	ProjectSection(ProjectDependencies) = postProject
		{2FEBD62B-8340-3348-A5E2-B94276D9A930} = {2FEBD62B-8340-3348-A5E2-B94276D9A930}
		{6D6EDD51-C269-3EEF-B485-BF455E7C6663} = {6D6EDD51-C269-3EEF-B485-BF455E7C6663}
	EndProjectSection
EndProject
Project("{8BC9CEB8-8B4A-11D0-8D11-00A0C91BC942}") = "windows", "tests\windows.vcxproj", "{147E0314-1D14-3064-A402-E53F8E62DFAA}"
	ProjectSection(ProjectDependencies) = postProject
		{2FEBD62B-8340-3348-A5E2-B94276D9A930} = {2FEBD62B-8340-3348-A5E2-B94276D9A930}
		{6D6EDD51-C269-3EEF-B485-BF455E7C6663} = {6D6EDD51-C269-3EEF-B485-BF455E7C6663}
	EndProjectSection
EndProject
Global
	GlobalSection(SolutionConfigurationPlatforms) = preSolution
		Debug|x64 = Debug|x64
		Release|x64 = Release|x64
		MinSizeRel|x64 = MinSizeRel|x64
		RelWithDebInfo|x64 = RelWithDebInfo|x64
	EndGlobalSection
	GlobalSection(ProjectConfigurationPlatforms) = postSolution
		{6CF49C41-710A-36CB-8C6E-A32E9E714E65}.Debug|x64.ActiveCfg = Debug|x64
		{6CF49C41-710A-36CB-8C6E-A32E9E714E65}.Debug|x64.Build.0 = Debug|x64
		{6CF49C41-710A-36CB-8C6E-A32E9E714E65}.Release|x64.ActiveCfg = Release|x64
		{6CF49C41-710A-36CB-8C6E-A32E9E714E65}.Release|x64.Build.0 = Release|x64
		{6CF49C41-710A-36CB-8C6E-A32E9E714E65}.MinSizeRel|x64.ActiveCfg = MinSizeRel|x64
		{6CF49C41-710A-36CB-8C6E-A32E9E714E65}.MinSizeRel|x64.Build.0 = MinSizeRel|x64
		{6CF49C41-710A-36CB-8C6E-A32E9E714E65}.RelWithDebInfo|x64.ActiveCfg = RelWithDebInfo|x64
		{6CF49C41-710A-36CB-8C6E-A32E9E714E65}.RelWithDebInfo|x64.Build.0 = RelWithDebInfo|x64
		{DAA6974F-430B-3334-81B4-AB29E9626096}.Debug|x64.ActiveCfg = Debug|x64
		{DAA6974F-430B-3334-81B4-AB29E9626096}.Release|x64.ActiveCfg = Release|x64
		{DAA6974F-430B-3334-81B4-AB29E9626096}.MinSizeRel|x64.ActiveCfg = MinSizeRel|x64
		{DAA6974F-430B-3334-81B4-AB29E9626096}.RelWithDebInfo|x64.ActiveCfg = RelWithDebInfo|x64
		{2FEBD62B-8340-3348-A5E2-B94276D9A930}.Debug|x64.ActiveCfg = Debug|x64
		{2FEBD62B-8340-3348-A5E2-B94276D9A930}.Debug|x64.Build.0 = Debug|x64
		{2FEBD62B-8340-3348-A5E2-B94276D9A930}.Release|x64.ActiveCfg = Release|x64
		{2FEBD62B-8340-3348-A5E2-B94276D9A930}.Release|x64.Build.0 = Release|x64
		{2FEBD62B-8340-3348-A5E2-B94276D9A930}.MinSizeRel|x64.ActiveCfg = MinSizeRel|x64
		{2FEBD62B-8340-3348-A5E2-B94276D9A930}.MinSizeRel|x64.Build.0 = MinSizeRel|x64
		{2FEBD62B-8340-3348-A5E2-B94276D9A930}.RelWithDebInfo|x64.ActiveCfg = RelWithDebInfo|x64
		{2FEBD62B-8340-3348-A5E2-B94276D9A930}.RelWithDebInfo|x64.Build.0 = RelWithDebInfo|x64
		{C61F660C-A0C7-3FFC-9C09-31D75D49D644}.Debug|x64.ActiveCfg = Debug|x64
		{C61F660C-A0C7-3FFC-9C09-31D75D49D644}.Debug|x64.Build.0 = Debug|x64
		{C61F660C-A0C7-3FFC-9C09-31D75D49D644}.Release|x64.ActiveCfg = Release|x64
		{C61F660C-A0C7-3FFC-9C09-31D75D49D644}.Release|x64.Build.0 = Release|x64
		{C61F660C-A0C7-3FFC-9C09-31D75D49D644}.MinSizeRel|x64.ActiveCfg = MinSizeRel|x64
		{C61F660C-A0C7-3FFC-9C09-31D75D49D644}.MinSizeRel|x64.Build.0 = MinSizeRel|x64
		{C61F660C-A0C7-3FFC-9C09-31D75D49D644}.RelWithDebInfo|x64.ActiveCfg = RelWithDebInfo|x64
		{C61F660C-A0C7-3FFC-9C09-31D75D49D644}.RelWithDebInfo|x64.Build.0 = RelWithDebInfo|x64
		{7C1613C6-A0D3-3C67-8C8D-6D2C0E4E025C}.Debug|x64.ActiveCfg = Debug|x64
		{7C1613C6-A0D3-3C67-8C8D-6D2C0E4E025C}.Debug|x64.Build.0 = Debug|x64
		{7C1613C6-A0D3-3C67-8C8D-6D2C0E4E025C}.Release|x64.ActiveCfg = Release|x64
		{7C1613C6-A0D3-3C67-8C8D-6D2C0E4E025C}.Release|x64.Build.0 = Release|x64
		{7C1613C6-A0D3-3C67-8C8D-6D2C0E4E025C}.MinSizeRel|x64.ActiveCfg = MinSizeRel|x64
		{7C1613C6-A0D3-3C67-8C8D-6D2C0E4E025C}.MinSizeRel|x64.Build.0 = MinSizeRel|x64
		{7C1613C6-A0D3-3C67-8C8D-6D2C0E4E025C}.RelWithDebInfo|x64.ActiveCfg = RelWithDebInfo|x64
		{7C1613C6-A0D3-3C67-8C8D-6D2C0E4E025C}.RelWithDebInfo|x64.Build.0 = RelWithDebInfo|x64
		{0C9FC278-83EC-3643-8BEF-78AAE6E5EF5B}.Debug|x64.ActiveCfg = Debug|x64
		{0C9FC278-83EC-3643-8BEF-78AAE6E5EF5B}.Debug|x64.Build.0 = Debug|x64
		{0C9FC278-83EC-3643-8BEF-78AAE6E5EF5B}.Release|x64.ActiveCfg = Release|x64
		{0C9FC278-83EC-3643-8BEF-78AAE6E5EF5B}.Release|x64.Build.0 = Release|x64
		{0C9FC278-83EC-3643-8BEF-78AAE6E5EF5B}.MinSizeRel|x64.ActiveCfg = MinSizeRel|x64
		{0C9FC278-83EC-3643-8BEF-78AAE6E5EF5B}.MinSizeRel|x64.Build.0 = MinSizeRel|x64
		{0C9FC278-83EC-3643-8BEF-78AAE6E5EF5B}.RelWithDebInfo|x64.ActiveCfg = RelWithDebInfo|x64
		{0C9FC278-83EC-3643-8BEF-78AAE6E5EF5B}.RelWithDebInfo|x64.Build.0 = RelWithDebInfo|x64
		{C75F69FF-FF77-3F07-BE86-8A083440C8C4}.Debug|x64.ActiveCfg = Debug|x64
		{C75F69FF-FF77-3F07-BE86-8A083440C8C4}.Debug|x64.Build.0 = Debug|x64
		{C75F69FF-FF77-3F07-BE86-8A083440C8C4}.Release|x64.ActiveCfg = Release|x64
		{C75F69FF-FF77-3F07-BE86-8A083440C8C4}.Release|x64.Build.0 = Release|x64
		{C75F69FF-FF77-3F07-BE86-8A083440C8C4}.MinSizeRel|x64.ActiveCfg = MinSizeRel|x64
		{C75F69FF-FF77-3F07-BE86-8A083440C8C4}.MinSizeRel|x64.Build.0 = MinSizeRel|x64
		{C75F69FF-FF77-3F07-BE86-8A083440C8C4}.RelWithDebInfo|x64.ActiveCfg = RelWithDebInfo|x64
		{C75F69FF-FF77-3F07-BE86-8A083440C8C4}.RelWithDebInfo|x64.Build.0 = RelWithDebInfo|x64
		{D94C34AC-8659-38E0-BC98-0720E567EF77}.Debug|x64.ActiveCfg = Debug|x64
		{D94C34AC-8659-38E0-BC98-0720E567EF77}.Debug|x64.Build.0 = Debug|x64
		{D94C34AC-8659-38E0-BC98-0720E567EF77}.Release|x64.ActiveCfg = Release|x64
		{D94C34AC-8659-38E0-BC98-0720E567EF77}.Release|x64.Build.0 = Release|x64
		{D94C34AC-8659-38E0-BC98-0720E567EF77}.MinSizeRel|x64.ActiveCfg = MinSizeRel|x64
		{D94C34AC-8659-38E0-BC98-0720E567EF77}.MinSizeRel|x64.Build.0 = MinSizeRel|x64
		{D94C34AC-8659-38E0-BC98-0720E567EF77}.RelWithDebInfo|x64.ActiveCfg = RelWithDebInfo|x64
		{D94C34AC-8659-38E0-BC98-0720E567EF77}.RelWithDebInfo|x64.Build.0 = RelWithDebInfo|x64
		{8D69E7E6-950D-3EFB-B112-2B41F4B0ED86}.Debug|x64.ActiveCfg = Debug|x64
		{8D69E7E6-950D-3EFB-B112-2B41F4B0ED86}.Debug|x64.Build.0 = Debug|x64
		{8D69E7E6-950D-3EFB-B112-2B41F4B0ED86}.Release|x64.ActiveCfg = Release|x64
		{8D69E7E6-950D-3EFB-B112-2B41F4B0ED86}.Release|x64.Build.0 = Release|x64
		{8D69E7E6-950D-3EFB-B112-2B41F4B0ED86}.MinSizeRel|x64.ActiveCfg = MinSizeRel|x64
		{8D69E7E6-950D-3EFB-B112-2B41F4B0ED86}.MinSizeRel|x64.Build.0 = MinSizeRel|x64
		{8D69E7E6-950D-3EFB-B112-2B41F4B0ED86}.RelWithDebInfo|x64.ActiveCfg = RelWithDebInfo|x64
		{8D69E7E6-950D-3EFB-B112-2B41F4B0ED86}.RelWithDebInfo|x64.Build.0 = RelWithDebInfo|x64
		{6EFED437-1F52-3FFE-ADC7-FB7D1BD941AD}.Debug|x64.ActiveCfg = Debug|x64
		{6EFED437-1F52-3FFE-ADC7-FB7D1BD941AD}.Debug|x64.Build.0 = Debug|x64
		{6EFED437-1F52-3FFE-ADC7-FB7D1BD941AD}.Release|x64.ActiveCfg = Release|x64
		{6EFED437-1F52-3FFE-ADC7-FB7D1BD941AD}.Release|x64.Build.0 = Release|x64
		{6EFED437-1F52-3FFE-ADC7-FB7D1BD941AD}.MinSizeRel|x64.ActiveCfg = MinSizeRel|x64
		{6EFED437-1F52-3FFE-ADC7-FB7D1BD941AD}.MinSizeRel|x64.Build.0 = MinSizeRel|x64
		{6EFED437-1F52-3FFE-ADC7-FB7D1BD941AD}.RelWithDebInfo|x64.ActiveCfg = RelWithDebInfo|x64
		{6EFED437-1F52-3FFE-ADC7-FB7D1BD941AD}.RelWithDebInfo|x64.Build.0 = RelWithDebInfo|x64
		{6D6EDD51-C269-3EEF-B485-BF455E7C6663}.Debug|x64.ActiveCfg = Debug|x64
		{6D6EDD51-C269-3EEF-B485-BF455E7C6663}.Debug|x64.Build.0 = Debug|x64
		{6D6EDD51-C269-3EEF-B485-BF455E7C6663}.Release|x64.ActiveCfg = Release|x64
		{6D6EDD51-C269-3EEF-B485-BF455E7C6663}.Release|x64.Build.0 = Release|x64
		{6D6EDD51-C269-3EEF-B485-BF455E7C6663}.MinSizeRel|x64.ActiveCfg = MinSizeRel|x64
		{6D6EDD51-C269-3EEF-B485-BF455E7C6663}.MinSizeRel|x64.Build.0 = MinSizeRel|x64
		{6D6EDD51-C269-3EEF-B485-BF455E7C6663}.RelWithDebInfo|x64.ActiveCfg = RelWithDebInfo|x64
		{6D6EDD51-C269-3EEF-B485-BF455E7C6663}.RelWithDebInfo|x64.Build.0 = RelWithDebInfo|x64
		{A8211ACF-69E7-386B-95CE-2F2CABACE1EA}.Debug|x64.ActiveCfg = Debug|x64
		{A8211ACF-69E7-386B-95CE-2F2CABACE1EA}.Debug|x64.Build.0 = Debug|x64
		{A8211ACF-69E7-386B-95CE-2F2CABACE1EA}.Release|x64.ActiveCfg = Release|x64
		{A8211ACF-69E7-386B-95CE-2F2CABACE1EA}.Release|x64.Build.0 = Release|x64
		{A8211ACF-69E7-386B-95CE-2F2CABACE1EA}.MinSizeRel|x64.ActiveCfg = MinSizeRel|x64
		{A8211ACF-69E7-386B-95CE-2F2CABACE1EA}.MinSizeRel|x64.Build.0 = MinSizeRel|x64
		{A8211ACF-69E7-386B-95CE-2F2CABACE1EA}.RelWithDebInfo|x64.ActiveCfg = RelWithDebInfo|x64
		{A8211ACF-69E7-386B-95CE-2F2CABACE1EA}.RelWithDebInfo|x64.Build.0 = RelWithDebInfo|x64
		{C8B1C3E9-872E-3961-964A-8FF8EF62969C}.Debug|x64.ActiveCfg = Debug|x64
		{C8B1C3E9-872E-3961-964A-8FF8EF62969C}.Debug|x64.Build.0 = Debug|x64
		{C8B1C3E9-872E-3961-964A-8FF8EF62969C}.Release|x64.ActiveCfg = Release|x64
		{C8B1C3E9-872E-3961-964A-8FF8EF62969C}.Release|x64.Build.0 = Release|x64
		{C8B1C3E9-872E-3961-964A-8FF8EF62969C}.MinSizeRel|x64.ActiveCfg = MinSizeRel|x64
		{C8B1C3E9-872E-3961-964A-8FF8EF62969C}.MinSizeRel|x64.Build.0 = MinSizeRel|x64
		{C8B1C3E9-872E-3961-964A-8FF8EF62969C}.RelWithDebInfo|x64.ActiveCfg = RelWithDebInfo|x64
		{C8B1C3E9-872E-3961-964A-8FF8EF62969C}.RelWithDebInfo|x64.Build.0 = RelWithDebInfo|x64
		{65521C78-1391-36CA-B1FD-CDE2E41214BD}.Debug|x64.ActiveCfg = Debug|x64
		{65521C78-1391-36CA-B1FD-CDE2E41214BD}.Debug|x64.Build.0 = Debug|x64
		{65521C78-1391-36CA-B1FD-CDE2E41214BD}.Release|x64.ActiveCfg = Release|x64
		{65521C78-1391-36CA-B1FD-CDE2E41214BD}.Release|x64.Build.0 = Release|x64
		{65521C78-1391-36CA-B1FD-CDE2E41214BD}.MinSizeRel|x64.ActiveCfg = MinSizeRel|x64
		{65521C78-1391-36CA-B1FD-CDE2E41214BD}.MinSizeRel|x64.Build.0 = MinSizeRel|x64
		{65521C78-1391-36CA-B1FD-CDE2E41214BD}.RelWithDebInfo|x64.ActiveCfg = RelWithDebInfo|x64
		{65521C78-1391-36CA-B1FD-CDE2E41214BD}.RelWithDebInfo|x64.Build.0 = RelWithDebInfo|x64
		{806CDA52-A0C6-393E-A53F-01A138C2CA02}.Debug|x64.ActiveCfg = Debug|x64
		{806CDA52-A0C6-393E-A53F-01A138C2CA02}.Debug|x64.Build.0 = Debug|x64
		{806CDA52-A0C6-393E-A53F-01A138C2CA02}.Release|x64.ActiveCfg = Release|x64
		{806CDA52-A0C6-393E-A53F-01A138C2CA02}.Release|x64.Build.0 = Release|x64
		{806CDA52-A0C6-393E-A53F-01A138C2CA02}.MinSizeRel|x64.ActiveCfg = MinSizeRel|x64
		{806CDA52-A0C6-393E-A53F-01A138C2CA02}.MinSizeRel|x64.Build.0 = MinSizeRel|x64
		{806CDA52-A0C6-393E-A53F-01A138C2CA02}.RelWithDebInfo|x64.ActiveCfg = RelWithDebInfo|x64
		{806CDA52-A0C6-393E-A53F-01A138C2CA02}.RelWithDebInfo|x64.Build.0 = RelWithDebInfo|x64
		{F89F1AF7-3DE8-3F41-B4DD-A484BA5122B2}.Debug|x64.ActiveCfg = Debug|x64
		{F89F1AF7-3DE8-3F41-B4DD-A484BA5122B2}.Debug|x64.Build.0 = Debug|x64
		{F89F1AF7-3DE8-3F41-B4DD-A484BA5122B2}.Release|x64.ActiveCfg = Release|x64
		{F89F1AF7-3DE8-3F41-B4DD-A484BA5122B2}.Release|x64.Build.0 = Release|x64
		{F89F1AF7-3DE8-3F41-B4DD-A484BA5122B2}.MinSizeRel|x64.ActiveCfg = MinSizeRel|x64
		{F89F1AF7-3DE8-3F41-B4DD-A484BA5122B2}.MinSizeRel|x64.Build.0 = MinSizeRel|x64
		{F89F1AF7-3DE8-3F41-B4DD-A484BA5122B2}.RelWithDebInfo|x64.ActiveCfg = RelWithDebInfo|x64
		{F89F1AF7-3DE8-3F41-B4DD-A484BA5122B2}.RelWithDebInfo|x64.Build.0 = RelWithDebInfo|x64
		{C3E40242-219A-3922-A95F-F0DA88948B70}.Debug|x64.ActiveCfg = Debug|x64
		{C3E40242-219A-3922-A95F-F0DA88948B70}.Debug|x64.Build.0 = Debug|x64
		{C3E40242-219A-3922-A95F-F0DA88948B70}.Release|x64.ActiveCfg = Release|x64
		{C3E40242-219A-3922-A95F-F0DA88948B70}.Release|x64.Build.0 = Release|x64
		{C3E40242-219A-3922-A95F-F0DA88948B70}.MinSizeRel|x64.ActiveCfg = MinSizeRel|x64
		{C3E40242-219A-3922-A95F-F0DA88948B70}.MinSizeRel|x64.Build.0 = MinSizeRel|x64
		{C3E40242-219A-3922-A95F-F0DA88948B70}.RelWithDebInfo|x64.ActiveCfg = RelWithDebInfo|x64
		{C3E40242-219A-3922-A95F-F0DA88948B70}.RelWithDebInfo|x64.Build.0 = RelWithDebInfo|x64
		{7FEB85E2-E7AE-36A8-B203-466ED85DF9EE}.Debug|x64.ActiveCfg = Debug|x64
		{7FEB85E2-E7AE-36A8-B203-466ED85DF9EE}.Debug|x64.Build.0 = Debug|x64
		{7FEB85E2-E7AE-36A8-B203-466ED85DF9EE}.Release|x64.ActiveCfg = Release|x64
		{7FEB85E2-E7AE-36A8-B203-466ED85DF9EE}.Release|x64.Build.0 = Release|x64
		{7FEB85E2-E7AE-36A8-B203-466ED85DF9EE}.MinSizeRel|x64.ActiveCfg = MinSizeRel|x64
		{7FEB85E2-E7AE-36A8-B203-466ED85DF9EE}.MinSizeRel|x64.Build.0 = MinSizeRel|x64
		{7FEB85E2-E7AE-36A8-B203-466ED85DF9EE}.RelWithDebInfo|x64.ActiveCfg = RelWithDebInfo|x64
		{7FEB85E2-E7AE-36A8-B203-466ED85DF9EE}.RelWithDebInfo|x64.Build.0 = RelWithDebInfo|x64
		{B3AE45ED-01F9-3D3C-9DE2-92448D0DFFF9}.Debug|x64.ActiveCfg = Debug|x64
		{B3AE45ED-01F9-3D3C-9DE2-92448D0DFFF9}.Debug|x64.Build.0 = Debug|x64
		{B3AE45ED-01F9-3D3C-9DE2-92448D0DFFF9}.Release|x64.ActiveCfg = Release|x64
		{B3AE45ED-01F9-3D3C-9DE2-92448D0DFFF9}.Release|x64.Build.0 = Release|x64
		{B3AE45ED-01F9-3D3C-9DE2-92448D0DFFF9}.MinSizeRel|x64.ActiveCfg = MinSizeRel|x64
		{B3AE45ED-01F9-3D3C-9DE2-92448D0DFFF9}.MinSizeRel|x64.Build.0 = MinSizeRel|x64
		{B3AE45ED-01F9-3D3C-9DE2-92448D0DFFF9}.RelWithDebInfo|x64.ActiveCfg = RelWithDebInfo|x64
		{B3AE45ED-01F9-3D3C-9DE2-92448D0DFFF9}.RelWithDebInfo|x64.Build.0 = RelWithDebInfo|x64
		{DF231AF5-36D2-3D79-A93D-373732538EBD}.Debug|x64.ActiveCfg = Debug|x64
		{DF231AF5-36D2-3D79-A93D-373732538EBD}.Debug|x64.Build.0 = Debug|x64
		{DF231AF5-36D2-3D79-A93D-373732538EBD}.Release|x64.ActiveCfg = Release|x64
		{DF231AF5-36D2-3D79-A93D-373732538EBD}.Release|x64.Build.0 = Release|x64
		{DF231AF5-36D2-3D79-A93D-373732538EBD}.MinSizeRel|x64.ActiveCfg = MinSizeRel|x64
		{DF231AF5-36D2-3D79-A93D-373732538EBD}.MinSizeRel|x64.Build.0 = MinSizeRel|x64
		{DF231AF5-36D2-3D79-A93D-373732538EBD}.RelWithDebInfo|x64.ActiveCfg = RelWithDebInfo|x64
		{DF231AF5-36D2-3D79-A93D-373732538EBD}.RelWithDebInfo|x64.Build.0 = RelWithDebInfo|x64
		{5BB432DD-5CF2-396A-8393-4320CA1E4A20}.Debug|x64.ActiveCfg = Debug|x64
		{5BB432DD-5CF2-396A-8393-4320CA1E4A20}.Debug|x64.Build.0 = Debug|x64
		{5BB432DD-5CF2-396A-8393-4320CA1E4A20}.Release|x64.ActiveCfg = Release|x64
		{5BB432DD-5CF2-396A-8393-4320CA1E4A20}.Release|x64.Build.0 = Release|x64
		{5BB432DD-5CF2-396A-8393-4320CA1E4A20}.MinSizeRel|x64.ActiveCfg = MinSizeRel|x64
		{5BB432DD-5CF2-396A-8393-4320CA1E4A20}.MinSizeRel|x64.Build.0 = MinSizeRel|x64
		{5BB432DD-5CF2-396A-8393-4320CA1E4A20}.RelWithDebInfo|x64.ActiveCfg = RelWithDebInfo|x64
		{5BB432DD-5CF2-396A-8393-4320CA1E4A20}.RelWithDebInfo|x64.Build.0 = RelWithDebInfo|x64
		{4C56EC04-E607-32B1-902F-B151848EE0FA}.Debug|x64.ActiveCfg = Debug|x64
		{4C56EC04-E607-32B1-902F-B151848EE0FA}.Debug|x64.Build.0 = Debug|x64
		{4C56EC04-E607-32B1-902F-B151848EE0FA}.Release|x64.ActiveCfg = Release|x64
		{4C56EC04-E607-32B1-902F-B151848EE0FA}.Release|x64.Build.0 = Release|x64
		{4C56EC04-E607-32B1-902F-B151848EE0FA}.MinSizeRel|x64.ActiveCfg = MinSizeRel|x64
		{4C56EC04-E607-32B1-902F-B151848EE0FA}.MinSizeRel|x64.Build.0 = MinSizeRel|x64
		{4C56EC04-E607-32B1-902F-B151848EE0FA}.RelWithDebInfo|x64.ActiveCfg = RelWithDebInfo|x64
		{4C56EC04-E607-32B1-902F-B151848EE0FA}.RelWithDebInfo|x64.Build.0 = RelWithDebInfo|x64
		{6AAA3430-BF25-3D6E-AE08-6DB675436CA1}.Debug|x64.ActiveCfg = Debug|x64
		{6AAA3430-BF25-3D6E-AE08-6DB675436CA1}.Debug|x64.Build.0 = Debug|x64
		{6AAA3430-BF25-3D6E-AE08-6DB675436CA1}.Release|x64.ActiveCfg = Release|x64
		{6AAA3430-BF25-3D6E-AE08-6DB675436CA1}.Release|x64.Build.0 = Release|x64
		{6AAA3430-BF25-3D6E-AE08-6DB675436CA1}.MinSizeRel|x64.ActiveCfg = MinSizeRel|x64
		{6AAA3430-BF25-3D6E-AE08-6DB675436CA1}.MinSizeRel|x64.Build.0 = MinSizeRel|x64
		{6AAA3430-BF25-3D6E-AE08-6DB675436CA1}.RelWithDebInfo|x64.ActiveCfg = RelWithDebInfo|x64
		{6AAA3430-BF25-3D6E-AE08-6DB675436CA1}.RelWithDebInfo|x64.Build.0 = RelWithDebInfo|x64
		{2E31A9E7-1FF0-3AF2-8FB1-871E53079705}.Debug|x64.ActiveCfg = Debug|x64
		{2E31A9E7-1FF0-3AF2-8FB1-871E53079705}.Debug|x64.Build.0 = Debug|x64
		{2E31A9E7-1FF0-3AF2-8FB1-871E53079705}.Release|x64.ActiveCfg = Release|x64
		{2E31A9E7-1FF0-3AF2-8FB1-871E53079705}.Release|x64.Build.0 = Release|x64
		{2E31A9E7-1FF0-3AF2-8FB1-871E53079705}.MinSizeRel|x64.ActiveCfg = MinSizeRel|x64
		{2E31A9E7-1FF0-3AF2-8FB1-871E53079705}.MinSizeRel|x64.Build.0 = MinSizeRel|x64
		{2E31A9E7-1FF0-3AF2-8FB1-871E53079705}.RelWithDebInfo|x64.ActiveCfg = RelWithDebInfo|x64
		{2E31A9E7-1FF0-3AF2-8FB1-871E53079705}.RelWithDebInfo|x64.Build.0 = RelWithDebInfo|x64
		{5298590A-F91A-3571-B5C6-FEE26015EA49}.Debug|x64.ActiveCfg = Debug|x64
		{5298590A-F91A-3571-B5C6-FEE26015EA49}.Debug|x64.Build.0 = Debug|x64
		{5298590A-F91A-3571-B5C6-FEE26015EA49}.Release|x64.ActiveCfg = Release|x64
		{5298590A-F91A-3571-B5C6-FEE26015EA49}.Release|x64.Build.0 = Release|x64
		{5298590A-F91A-3571-B5C6-FEE26015EA49}.MinSizeRel|x64.ActiveCfg = MinSizeRel|x64
		{5298590A-F91A-3571-B5C6-FEE26015EA49}.MinSizeRel|x64.Build.0 = MinSizeRel|x64
		{5298590A-F91A-3571-B5C6-FEE26015EA49}.RelWithDebInfo|x64.ActiveCfg = RelWithDebInfo|x64
		{5298590A-F91A-3571-B5C6-FEE26015EA49}.RelWithDebInfo|x64.Build.0 = RelWithDebInfo|x64
		{B24BDA65-7E2A-3CFD-A184-E27FF50DEB33}.Debug|x64.ActiveCfg = Debug|x64
		{B24BDA65-7E2A-3CFD-A184-E27FF50DEB33}.Debug|x64.Build.0 = Debug|x64
		{B24BDA65-7E2A-3CFD-A184-E27FF50DEB33}.Release|x64.ActiveCfg = Release|x64
		{B24BDA65-7E2A-3CFD-A184-E27FF50DEB33}.Release|x64.Build.0 = Release|x64
		{B24BDA65-7E2A-3CFD-A184-E27FF50DEB33}.MinSizeRel|x64.ActiveCfg = MinSizeRel|x64
		{B24BDA65-7E2A-3CFD-A184-E27FF50DEB33}.MinSizeRel|x64.Build.0 = MinSizeRel|x64
		{B24BDA65-7E2A-3CFD-A184-E27FF50DEB33}.RelWithDebInfo|x64.ActiveCfg = RelWithDebInfo|x64
		{B24BDA65-7E2A-3CFD-A184-E27FF50DEB33}.RelWithDebInfo|x64.Build.0 = RelWithDebInfo|x64
		{63233099-6D0A-3E2B-AA3E-4BC9117E2411}.Debug|x64.ActiveCfg = Debug|x64
		{63233099-6D0A-3E2B-AA3E-4BC9117E2411}.Debug|x64.Build.0 = Debug|x64
		{63233099-6D0A-3E2B-AA3E-4BC9117E2411}.Release|x64.ActiveCfg = Release|x64
		{63233099-6D0A-3E2B-AA3E-4BC9117E2411}.Release|x64.Build.0 = Release|x64
		{63233099-6D0A-3E2B-AA3E-4BC9117E2411}.MinSizeRel|x64.ActiveCfg = MinSizeRel|x64
		{63233099-6D0A-3E2B-AA3E-4BC9117E2411}.MinSizeRel|x64.Build.0 = MinSizeRel|x64
		{63233099-6D0A-3E2B-AA3E-4BC9117E2411}.RelWithDebInfo|x64.ActiveCfg = RelWithDebInfo|x64
		{63233099-6D0A-3E2B-AA3E-4BC9117E2411}.RelWithDebInfo|x64.Build.0 = RelWithDebInfo|x64
		{9B4A5012-F6A3-341E-A0A8-CF0562060DD1}.Debug|x64.ActiveCfg = Debug|x64
		{9B4A5012-F6A3-341E-A0A8-CF0562060DD1}.Debug|x64.Build.0 = Debug|x64
		{9B4A5012-F6A3-341E-A0A8-CF0562060DD1}.Release|x64.ActiveCfg = Release|x64
		{9B4A5012-F6A3-341E-A0A8-CF0562060DD1}.Release|x64.Build.0 = Release|x64
		{9B4A5012-F6A3-341E-A0A8-CF0562060DD1}.MinSizeRel|x64.ActiveCfg = MinSizeRel|x64
		{9B4A5012-F6A3-341E-A0A8-CF0562060DD1}.MinSizeRel|x64.Build.0 = MinSizeRel|x64
		{9B4A5012-F6A3-341E-A0A8-CF0562060DD1}.RelWithDebInfo|x64.ActiveCfg = RelWithDebInfo|x64
		{9B4A5012-F6A3-341E-A0A8-CF0562060DD1}.RelWithDebInfo|x64.Build.0 = RelWithDebInfo|x64
		{1AB47595-913F-3310-AFC5-B0DCE22764C0}.Debug|x64.ActiveCfg = Debug|x64
		{1AB47595-913F-3310-AFC5-B0DCE22764C0}.Debug|x64.Build.0 = Debug|x64
		{1AB47595-913F-3310-AFC5-B0DCE22764C0}.Release|x64.ActiveCfg = Release|x64
		{1AB47595-913F-3310-AFC5-B0DCE22764C0}.Release|x64.Build.0 = Release|x64
		{1AB47595-913F-3310-AFC5-B0DCE22764C0}.MinSizeRel|x64.ActiveCfg = MinSizeRel|x64
		{1AB47595-913F-3310-AFC5-B0DCE22764C0}.MinSizeRel|x64.Build.0 = MinSizeRel|x64
		{1AB47595-913F-3310-AFC5-B0DCE22764C0}.RelWithDebInfo|x64.ActiveCfg = RelWithDebInfo|x64
		{1AB47595-913F-3310-AFC5-B0DCE22764C0}.RelWithDebInfo|x64.Build.0 = RelWithDebInfo|x64
		{A5EB0AE8-E5C1-306E-81F8-D05DF60279F0}.Debug|x64.ActiveCfg = Debug|x64
		{A5EB0AE8-E5C1-306E-81F8-D05DF60279F0}.Debug|x64.Build.0 = Debug|x64
		{A5EB0AE8-E5C1-306E-81F8-D05DF60279F0}.Release|x64.ActiveCfg = Release|x64
		{A5EB0AE8-E5C1-306E-81F8-D05DF60279F0}.Release|x64.Build.0 = Release|x64
		{A5EB0AE8-E5C1-306E-81F8-D05DF60279F0}.MinSizeRel|x64.ActiveCfg = MinSizeRel|x64
		{A5EB0AE8-E5C1-306E-81F8-D05DF60279F0}.MinSizeRel|x64.Build.0 = MinSizeRel|x64
		{A5EB0AE8-E5C1-306E-81F8-D05DF60279F0}.RelWithDebInfo|x64.ActiveCfg = RelWithDebInfo|x64
		{A5EB0AE8-E5C1-306E-81F8-D05DF60279F0}.RelWithDebInfo|x64.Build.0 = RelWithDebInfo|x64
		{63DF25F6-3633-3084-B6FC-33A126E33941}.Debug|x64.ActiveCfg = Debug|x64
		{63DF25F6-3633-3084-B6FC-33A126E33941}.Release|x64.ActiveCfg = Release|x64
		{63DF25F6-3633-3084-B6FC-33A126E33941}.MinSizeRel|x64.ActiveCfg = MinSizeRel|x64
		{63DF25F6-3633-3084-B6FC-33A126E33941}.RelWithDebInfo|x64.ActiveCfg = RelWithDebInfo|x64
		{5AD32F87-5505-31A3-A9F4-B37B76329FF3}.Debug|x64.ActiveCfg = Debug|x64
		{5AD32F87-5505-31A3-A9F4-B37B76329FF3}.Debug|x64.Build.0 = Debug|x64
		{5AD32F87-5505-31A3-A9F4-B37B76329FF3}.Release|x64.ActiveCfg = Release|x64
		{5AD32F87-5505-31A3-A9F4-B37B76329FF3}.Release|x64.Build.0 = Release|x64
		{5AD32F87-5505-31A3-A9F4-B37B76329FF3}.MinSizeRel|x64.ActiveCfg = MinSizeRel|x64
		{5AD32F87-5505-31A3-A9F4-B37B76329FF3}.MinSizeRel|x64.Build.0 = MinSizeRel|x64
		{5AD32F87-5505-31A3-A9F4-B37B76329FF3}.RelWithDebInfo|x64.ActiveCfg = RelWithDebInfo|x64
		{5AD32F87-5505-31A3-A9F4-B37B76329FF3}.RelWithDebInfo|x64.Build.0 = RelWithDebInfo|x64
		{1D510D55-CEEC-3262-B00F-28730A3A98FD}.Debug|x64.ActiveCfg = Debug|x64
		{1D510D55-CEEC-3262-B00F-28730A3A98FD}.Debug|x64.Build.0 = Debug|x64
		{1D510D55-CEEC-3262-B00F-28730A3A98FD}.Release|x64.ActiveCfg = Release|x64
		{1D510D55-CEEC-3262-B00F-28730A3A98FD}.Release|x64.Build.0 = Release|x64
		{1D510D55-CEEC-3262-B00F-28730A3A98FD}.MinSizeRel|x64.ActiveCfg = MinSizeRel|x64
		{1D510D55-CEEC-3262-B00F-28730A3A98FD}.MinSizeRel|x64.Build.0 = MinSizeRel|x64
		{1D510D55-CEEC-3262-B00F-28730A3A98FD}.RelWithDebInfo|x64.ActiveCfg = RelWithDebInfo|x64
		{1D510D55-CEEC-3262-B00F-28730A3A98FD}.RelWithDebInfo|x64.Build.0 = RelWithDebInfo|x64
		{147E0314-1D14-3064-A402-E53F8E62DFAA}.Debug|x64.ActiveCfg = Debug|x64
		{147E0314-1D14-3064-A402-E53F8E62DFAA}.Debug|x64.Build.0 = Debug|x64
		{147E0314-1D14-3064-A402-E53F8E62DFAA}.Release|x64.ActiveCfg = Release|x64
		{147E0314-1D14-3064-A402-E53F8E62DFAA}.Release|x64.Build.0 = Release|x64
		{147E0314-1D14-3064-A402-E53F8E62DFAA}.MinSizeRel|x64.ActiveCfg = MinSizeRel|x64
		{147E0314-1D14-3064-A402-E53F8E62DFAA}.MinSizeRel|x64.Build.0 = MinSizeRel|x64
		{147E0314-1D14-3064-A402-E53F8E62DFAA}.RelWithDebInfo|x64.ActiveCfg = RelWithDebInfo|x64
		{147E0314-1D14-3064-A402-E53F8E62DFAA}.RelWithDebInfo|x64.Build.0 = RelWithDebInfo|x64
	EndGlobalSection
	GlobalSection(NestedProjects) = preSolution
		{6CF49C41-710A-36CB-8C6E-A32E9E714E65} = {AF543124-B07B-3159-852D-1AFF663B0E90}
		{DAA6974F-430B-3334-81B4-AB29E9626096} = {AF543124-B07B-3159-852D-1AFF663B0E90}
		{2FEBD62B-8340-3348-A5E2-B94276D9A930} = {AF543124-B07B-3159-852D-1AFF663B0E90}
		{0C8AE5F0-47EE-39CC-84DF-57B7C76F4409} = {DB15496B-DC9A-3B7A-B79D-13825166FE4A}
		{588ABAA4-425C-3E3C-83D9-8176D82A172F} = {DB15496B-DC9A-3B7A-B79D-13825166FE4A}
		{6D6EDD51-C269-3EEF-B485-BF455E7C6663} = {DB15496B-DC9A-3B7A-B79D-13825166FE4A}
		{63DF25F6-3633-3084-B6FC-33A126E33941} = {DB15496B-DC9A-3B7A-B79D-13825166FE4A}
		{C61F660C-A0C7-3FFC-9C09-31D75D49D644} = {0C8AE5F0-47EE-39CC-84DF-57B7C76F4409}
		{6EFED437-1F52-3FFE-ADC7-FB7D1BD941AD} = {0C8AE5F0-47EE-39CC-84DF-57B7C76F4409}
		{C8B1C3E9-872E-3961-964A-8FF8EF62969C} = {0C8AE5F0-47EE-39CC-84DF-57B7C76F4409}
		{DF231AF5-36D2-3D79-A93D-373732538EBD} = {0C8AE5F0-47EE-39CC-84DF-57B7C76F4409}
		{4C56EC04-E607-32B1-902F-B151848EE0FA} = {0C8AE5F0-47EE-39CC-84DF-57B7C76F4409}
		{2E31A9E7-1FF0-3AF2-8FB1-871E53079705} = {0C8AE5F0-47EE-39CC-84DF-57B7C76F4409}
		{5298590A-F91A-3571-B5C6-FEE26015EA49} = {0C8AE5F0-47EE-39CC-84DF-57B7C76F4409}
		{B24BDA65-7E2A-3CFD-A184-E27FF50DEB33} = {0C8AE5F0-47EE-39CC-84DF-57B7C76F4409}
		{1D510D55-CEEC-3262-B00F-28730A3A98FD} = {0C8AE5F0-47EE-39CC-84DF-57B7C76F4409}
		{7C1613C6-A0D3-3C67-8C8D-6D2C0E4E025C} = {588ABAA4-425C-3E3C-83D9-8176D82A172F}
		{0C9FC278-83EC-3643-8BEF-78AAE6E5EF5B} = {588ABAA4-425C-3E3C-83D9-8176D82A172F}
		{C75F69FF-FF77-3F07-BE86-8A083440C8C4} = {588ABAA4-425C-3E3C-83D9-8176D82A172F}
		{D94C34AC-8659-38E0-BC98-0720E567EF77} = {588ABAA4-425C-3E3C-83D9-8176D82A172F}
		{8D69E7E6-950D-3EFB-B112-2B41F4B0ED86} = {588ABAA4-425C-3E3C-83D9-8176D82A172F}
		{A8211ACF-69E7-386B-95CE-2F2CABACE1EA} = {588ABAA4-425C-3E3C-83D9-8176D82A172F}
		{65521C78-1391-36CA-B1FD-CDE2E41214BD} = {588ABAA4-425C-3E3C-83D9-8176D82A172F}
		{806CDA52-A0C6-393E-A53F-01A138C2CA02} = {588ABAA4-425C-3E3C-83D9-8176D82A172F}
		{F89F1AF7-3DE8-3F41-B4DD-A484BA5122B2} = {588ABAA4-425C-3E3C-83D9-8176D82A172F}
		{C3E40242-219A-3922-A95F-F0DA88948B70} = {588ABAA4-425C-3E3C-83D9-8176D82A172F}
		{7FEB85E2-E7AE-36A8-B203-466ED85DF9EE} = {588ABAA4-425C-3E3C-83D9-8176D82A172F}
		{B3AE45ED-01F9-3D3C-9DE2-92448D0DFFF9} = {588ABAA4-425C-3E3C-83D9-8176D82A172F}
		{5BB432DD-5CF2-396A-8393-4320CA1E4A20} = {588ABAA4-425C-3E3C-83D9-8176D82A172F}
		{6AAA3430-BF25-3D6E-AE08-6DB675436CA1} = {588ABAA4-425C-3E3C-83D9-8176D82A172F}
		{63233099-6D0A-3E2B-AA3E-4BC9117E2411} = {588ABAA4-425C-3E3C-83D9-8176D82A172F}
		{9B4A5012-F6A3-341E-A0A8-CF0562060DD1} = {588ABAA4-425C-3E3C-83D9-8176D82A172F}
		{1AB47595-913F-3310-AFC5-B0DCE22764C0} = {588ABAA4-425C-3E3C-83D9-8176D82A172F}
		{A5EB0AE8-E5C1-306E-81F8-D05DF60279F0} = {588ABAA4-425C-3E3C-83D9-8176D82A172F}
		{5AD32F87-5505-31A3-A9F4-B37B76329FF3} = {588ABAA4-425C-3E3C-83D9-8176D82A172F}
		{147E0314-1D14-3064-A402-E53F8E62DFAA} = {588ABAA4-425C-3E3C-83D9-8176D82A172F}
	EndGlobalSection
	GlobalSection(ExtensibilityGlobals) = postSolution
		SolutionGuid = {34758CF4-FB8F-38FF-A1A8-334B274E0703}
	EndGlobalSection
	GlobalSection(ExtensibilityAddIns) = postSolution
	EndGlobalSection
EndGlobal
